
Microsoft Visual Studio Solution File, Format Version 12.00
# Visual Studio Version 17
VisualStudioVersion = 17.5.33627.172
MinimumVisualStudioVersion = 10.0.40219.1
Project("{9A19103F-16F7-4668-BE54-9A1E7A4F7556}") = "MockStudentManager", "MockStudentManager\MockStudentManager.csproj", "{4764152B-C380-48D8-BDF6-9C362FAF8A6F}"
EndProject
Project("{9A19103F-16F7-4668-BE54-9A1E7A4F7556}") = "StudentManager.IRepository", "StudentManager.IRepository\StudentManager.IRepository.csproj", "{02850A9B-249B-4732-8AB7-C37A45C29D62}"
EndProject
Project("{9A19103F-16F7-4668-BE54-9A1E7A4F7556}") = "StudentManager.Repository", "StudentManager.Repository\StudentManager.Repository.csproj", "{357A5641-14E8-492A-BF3D-58F2E527FF3F}"
EndProject
Project("{9A19103F-16F7-4668-BE54-9A1E7A4F7556}") = "StudentManager.DBModels", "StudentManager.DBModels\StudentManager.DBModels.csproj", "{3DF85980-BF4C-4229-BD01-72FD592BA6CF}"
EndProject
Project("{FAE04EC0-301F-11D3-BF4B-00C04F79EFBC}") = "BlazorStudentManager", "BlazorStudentManager\BlazorStudentManager.csproj", "{2DADDF58-5EBA-478D-8E9F-539D53B39318}"
EndProject
Global
	GlobalSection(SolutionConfigurationPlatforms) = preSolution
		Debug|Any CPU = Debug|Any CPU
		Release|Any CPU = Release|Any CPU
	EndGlobalSection
	GlobalSection(ProjectConfigurationPlatforms) = postSolution
		{4764152B-C380-48D8-BDF6-9C362FAF8A6F}.Debug|Any CPU.ActiveCfg = Debug|Any CPU
		{4764152B-C380-48D8-BDF6-9C362FAF8A6F}.Debug|Any CPU.Build.0 = Debug|Any CPU
		{4764152B-C380-48D8-BDF6-9C362FAF8A6F}.Release|Any CPU.ActiveCfg = Release|Any CPU
		{4764152B-C380-48D8-BDF6-9C362FAF8A6F}.Release|Any CPU.Build.0 = Release|Any CPU
		{02850A9B-249B-4732-8AB7-C37A45C29D62}.Debug|Any CPU.ActiveCfg = Debug|Any CPU
		{02850A9B-249B-4732-8AB7-C37A45C29D62}.Debug|Any CPU.Build.0 = Debug|Any CPU
		{02850A9B-249B-4732-8AB7-C37A45C29D62}.Release|Any CPU.ActiveCfg = Release|Any CPU
		{02850A9B-249B-4732-8AB7-C37A45C29D62}.Release|Any CPU.Build.0 = Release|Any CPU
		{357A5641-14E8-492A-BF3D-58F2E527FF3F}.Debug|Any CPU.ActiveCfg = Debug|Any CPU
		{357A5641-14E8-492A-BF3D-58F2E527FF3F}.Debug|Any CPU.Build.0 = Debug|Any CPU
		{357A5641-14E8-492A-BF3D-58F2E527FF3F}.Release|Any CPU.ActiveCfg = Release|Any CPU
		{357A5641-14E8-492A-BF3D-58F2E527FF3F}.Release|Any CPU.Build.0 = Release|Any CPU
		{3DF85980-BF4C-4229-BD01-72FD592BA6CF}.Debug|Any CPU.ActiveCfg = Debug|Any CPU
		{3DF85980-BF4C-4229-BD01-72FD592BA6CF}.Debug|Any CPU.Build.0 = Debug|Any CPU
		{3DF85980-BF4C-4229-BD01-72FD592BA6CF}.Release|Any CPU.ActiveCfg = Release|Any CPU
		{3DF85980-BF4C-4229-BD01-72FD592BA6CF}.Release|Any CPU.Build.0 = Release|Any CPU
		{2DADDF58-5EBA-478D-8E9F-539D53B39318}.Debug|Any CPU.ActiveCfg = Debug|Any CPU
		{2DADDF58-5EBA-478D-8E9F-539D53B39318}.Debug|Any CPU.Build.0 = Debug|Any CPU
		{2DADDF58-5EBA-478D-8E9F-539D53B39318}.Release|Any CPU.ActiveCfg = Release|Any CPU
		{2DADDF58-5EBA-478D-8E9F-539D53B39318}.Release|Any CPU.Build.0 = Release|Any CPU
	EndGlobalSection
	GlobalSection(SolutionProperties) = preSolution
		HideSolutionNode = FALSE
	EndGlobalSection
	GlobalSection(ExtensibilityGlobals) = postSolution
		SolutionGuid = {4DDF59B0-0AD8-4910-A5D2-A9886F2C4668}
	EndGlobalSection
EndGlobal
